{
  "name": "minus-ingest-server",
  "version": "0.1.0",
  "lockfileVersion": 3,
  "requires": true,
  "packages": {
    "": {
      "name": "minus-ingest-server",
      "version": "0.1.0",
      "license": "MIT",
      "dependencies": {
        "@huggingface/hub": "^1.0.1"
      }
    },
    "node_modules/@huggingface/hub": {
      "version": "1.1.2",
      "resolved": "https://registry.npmjs.org/@huggingface/hub/-/hub-1.1.2.tgz",
      "integrity": "sha512-Jf4GhvVj9ABDw4Itb3BV1T7f22iewuZva476qTicQ4kOTbosuUuFDhsVH7ZH6rVNgg20Ll9kaNBF5CXjySIT+w==",
      "license": "MIT",
      "dependencies": {
        "@huggingface/tasks": "^0.18.2"
      },
      "engines": {
        "node": ">=18"
      }
    },
    "node_modules/@huggingface/tasks": {
      "version": "0.18.12",
      "resolved": "https://registry.npmjs.org/@huggingface/tasks/-/tasks-0.18.12.tgz",
      "integrity": "sha512-hUEYhXJzJCUhLSBNglW+Sji5fuzMnpBimp3kbdcGor+MaN9xb+qrcLnMC7X8aOcZaZdCErwYYIqz2oSP2EM4Bg==",
      "license": "MIT"
    }
  }
}
